
Microsoft Visual Studio Solution File, Format Version 12.00
# Visual Studio 14
VisualStudioVersion = 14.0.25123.0
MinimumVisualStudioVersion = 10.0.40219.1
Project("{FAE04EC0-301F-11D3-BF4B-00C04F79EFBC}") = "CURDWithAngularJSandWebAPI", "CURDWithAngularJSandWebAPI\CURDWithAngularJSandWebAPI.csproj", "{634F868B-4CD6-42F0-A994-5F0A8EA9C17D}"
EndProject
Global
	GlobalSection(SolutionConfigurationPlatforms) = preSolution
		Debug|Any CPU = Debug|Any CPU
		Release|Any CPU = Release|Any CPU
	EndGlobalSection
	GlobalSection(ProjectConfigurationPlatforms) = postSolution
		{634F868B-4CD6-42F0-A994-5F0A8EA9C17D}.Debug|Any CPU.ActiveCfg = Debug|Any CPU
		{634F868B-4CD6-42F0-A994-5F0A8EA9C17D}.Debug|Any CPU.Build.0 = Debug|Any CPU
		{634F868B-4CD6-42F0-A994-5F0A8EA9C17D}.Release|Any CPU.ActiveCfg = Release|Any CPU
		{634F868B-4CD6-42F0-A994-5F0A8EA9C17D}.Release|Any CPU.Build.0 = Release|Any CPU
	EndGlobalSection
	GlobalSection(SolutionProperties) = preSolution
		HideSolutionNode = FALSE
	EndGlobalSection
EndGlobal
